
Microsoft Visual Studio Solution File, Format Version 12.00
# Visual Studio 15
VisualStudioVersion = 15.0.28010.0
MinimumVisualStudioVersion = 10.0.40219.1
Project("{FAE04EC0-301F-11D3-BF4B-00C04F79EFBC}") = "ColumnRepair", "ColumnRepair\ColumnRepair.csproj", "{B7A651BD-BE89-420E-99CF-07FAD7E31982}"
EndProject
Global
	GlobalSection(SolutionConfigurationPlatforms) = preSolution
		Debug|Any CPU = Debug|Any CPU
		Release|Any CPU = Release|Any CPU
	EndGlobalSection
	GlobalSection(ProjectConfigurationPlatforms) = postSolution
		{B7A651BD-BE89-420E-99CF-07FAD7E31982}.Debug|Any CPU.ActiveCfg = Debug|Any CPU
		{B7A651BD-BE89-420E-99CF-07FAD7E31982}.Debug|Any CPU.Build.0 = Debug|Any CPU
		{B7A651BD-BE89-420E-99CF-07FAD7E31982}.Release|Any CPU.ActiveCfg = Release|Any CPU
		{B7A651BD-BE89-420E-99CF-07FAD7E31982}.Release|Any CPU.Build.0 = Release|Any CPU
	EndGlobalSection
	GlobalSection(SolutionProperties) = preSolution
		HideSolutionNode = FALSE
	EndGlobalSection
	GlobalSection(ExtensibilityGlobals) = postSolution
		SolutionGuid = {16FC5F0C-6A4E-4709-826D-7FEC3335800E}
	EndGlobalSection
EndGlobal
